
Microsoft Visual Studio Solution File, Format Version 12.00
# Visual Studio Version 17
VisualStudioVersion = 17.5.002.0
MinimumVisualStudioVersion = 10.0.40219.1
Project("{9A19103F-16F7-4668-BE54-9A1E7A4F7556}") = "Tap.NetCore.CLI", "src\Tap.NetCore.CLI.csproj", "{193F574C-CCC1-4DBD-8D4A-4D72FCF982F1}"
EndProject
Global
	GlobalSection(SolutionConfigurationPlatforms) = preSolution
		Debug|Any CPU = Debug|Any CPU
		Release|Any CPU = Release|Any CPU
	EndGlobalSection
	GlobalSection(ProjectConfigurationPlatforms) = postSolution
		{193F574C-CCC1-4DBD-8D4A-4D72FCF982F1}.Debug|Any CPU.ActiveCfg = Debug|Any CPU
		{193F574C-CCC1-4DBD-8D4A-4D72FCF982F1}.Debug|Any CPU.Build.0 = Debug|Any CPU
		{193F574C-CCC1-4DBD-8D4A-4D72FCF982F1}.Release|Any CPU.ActiveCfg = Release|Any CPU
		{193F574C-CCC1-4DBD-8D4A-4D72FCF982F1}.Release|Any CPU.Build.0 = Release|Any CPU
	EndGlobalSection
	GlobalSection(SolutionProperties) = preSolution
		HideSolutionNode = FALSE
	EndGlobalSection
	GlobalSection(ExtensibilityGlobals) = postSolution
		SolutionGuid = {922548CD-C84B-4FA5-9292-A11262CC8B7E}
	EndGlobalSection
EndGlobal
